// !$*UTF8*$!
{
	archiveVersion = 1;
	classes = {
	};
	objectVersion = 46;
	objects = {

/* Begin PBXBuildFile section */
		F25ADA5C1C92F1A30058906B /* AppDelegate.swift in Sources */ = {isa = PBXBuildFile; fileRef = F25ADA5B1C92F1A30058906B /* AppDelegate.swift */; };
		F25ADA5E1C92F1A30058906B /* ViewController.swift in Sources */ = {isa = PBXBuildFile; fileRef = F25ADA5D1C92F1A30058906B /* ViewController.swift */; };
		F25ADA611C92F1A30058906B /* Main.storyboard in Resources */ = {isa = PBXBuildFile; fileRef = F25ADA5F1C92F1A30058906B /* Main.storyboard */; };
		F25ADA641C92F1A30058906B /* projet_devmobile.xcdatamodeld in Sources */ = {isa = PBXBuildFile; fileRef = F25ADA621C92F1A30058906B /* projet_devmobile.xcdatamodeld */; };
		F25ADA661C92F1A30058906B /* Assets.xcassets in Resources */ = {isa = PBXBuildFile; fileRef = F25ADA651C92F1A30058906B /* Assets.xcassets */; };
		F25ADA691C92F1A30058906B /* LaunchScreen.storyboard in Resources */ = {isa = PBXBuildFile; fileRef = F25ADA671C92F1A30058906B /* LaunchScreen.storyboard */; };
		F2FEC4101C999CDC002C14E1 /* CreationCompte.swift in Sources */ = {isa = PBXBuildFile; fileRef = F2FEC40F1C999CDC002C14E1 /* CreationCompte.swift */; };
/* End PBXBuildFile section */

/* Begin PBXFileReference section */
		F25ADA581C92F1A30058906B /* projet_devmobile.app */ = {isa = PBXFileReference; explicitFileType = wrapper.application; includeInIndex = 0; path = projet_devmobile.app; sourceTree = BUILT_PRODUCTS_DIR; };
		F25ADA5B1C92F1A30058906B /* AppDelegate.swift */ = {isa = PBXFileReference; lastKnownFileType = sourcecode.swift; path = AppDelegate.swift; sourceTree = "<group>"; };
		F25ADA5D1C92F1A30058906B /* ViewController.swift */ = {isa = PBXFileReference; lastKnownFileType = sourcecode.swift; path = ViewController.swift; sourceTree = "<group>"; };
		F25ADA601C92F1A30058906B /* Base */ = {isa = PBXFileReference; lastKnownFileType = file.storyboard; name = Base; path = Base.lproj/Main.storyboard; sourceTree = "<group>"; };
		F25ADA631C92F1A30058906B /* projet_devmobile.xcdatamodel */ = {isa = PBXFileReference; lastKnownFileType = wrapper.xcdatamodel; path = projet_devmobile.xcdatamodel; sourceTree = "<group>"; };
		F25ADA651C92F1A30058906B /* Assets.xcassets */ = {isa = PBXFileReference; lastKnownFileType = folder.assetcatalog; path = Assets.xcassets; sourceTree = "<group>"; };
		F25ADA681C92F1A30058906B /* Base */ = {isa = PBXFileReference; lastKnownFileType = file.storyboard; name = Base; path = Base.lproj/LaunchScreen.storyboard; sourceTree = "<group>"; };
		F25ADA6A1C92F1A30058906B /* Info.plist */ = {isa = PBXFileReference; lastKnownFileType = text.plist.xml; path = Info.plist; sourceTree = "<group>"; };
		F2FEC40F1C999CDC002C14E1 /* CreationCompte.swift */ = {isa = PBXFileReference; fileEncoding = 4; lastKnownFileType = sourcecode.swift; name = CreationCompte.swift; path = ../CreationCompte.swift; sourceTree = "<group>"; };
/* End PBXFileReference section */

/* Begin PBXFrameworksBuildPhase section */
		F25ADA551C92F1A30058906B /* Frameworks */ = {
			isa = PBXFrameworksBuildPhase;
			buildActionMask = 2147483647;
			files = (
			);
			runOnlyForDeploymentPostprocessing = 0;
		};
/* End PBXFrameworksBuildPhase section */

/* Begin PBXGroup section */
		F25ADA4F1C92F1A30058906B = {
			isa = PBXGroup;
			children = (
				F25ADA5A1C92F1A30058906B /* projet_devmobile */,
				F25ADA591C92F1A30058906B /* Products */,
			);
			sourceTree = "<group>";
		};
		F25ADA591C92F1A30058906B /* Products */ = {
			isa = PBXGroup;
			children = (
				F25ADA581C92F1A30058906B /* projet_devmobile.app */,
			);
			name = Products;
			sourceTree = "<group>";
		};
		F25ADA5A1C92F1A30058906B /* projet_devmobile */ = {
			isa = PBXGroup;
			children = (
				F25ADA5B1C92F1A30058906B /* AppDelegate.swift */,
				F25ADA5D1C92F1A30058906B /* ViewController.swift */,
				F2FEC40F1C999CDC002C14E1 /* CreationCompte.swift */,
				F25ADA5F1C92F1A30058906B /* Main.storyboard */,
				F25ADA651C92F1A30058906B /* Assets.xcassets */,
				F25ADA671C92F1A30058906B /* LaunchScreen.storyboard */,
				F25ADA6A1C92F1A30058906B /* Info.plist */,
				F25ADA621C92F1A30058906B /* projet_devmobile.xcdatamodeld */,
			);
			path = projet_devmobile;
			sourceTree = "<group>";
		};
/* End PBXGroup section */

/* Begin PBXNativeTarget section */
		F25ADA571C92F1A30058906B /* projet_devmobile */ = {
			isa = PBXNativeTarget;
			buildConfigurationList = F25ADA6D1C92F1A30058906B /* Build configuration list for PBXNativeTarget "projet_devmobile" */;
			buildPhases = (
				F25ADA541C92F1A30058906B /* Sources */,
				F25ADA551C92F1A30058906B /* Frameworks */,
				F25ADA561C92F1A30058906B /* Resources */,
			);
			buildRules = (
			);
			dependencies = (
			);
			name = projet_devmobile;
			productName = projet_devmobile;
			productReference = F25ADA581C92F1A30058906B /* projet_devmobile.app */;
			productType = "com.apple.product-type.application";
		};
/* End PBXNativeTarget section */

/* Begin PBXProject section */
		F25ADA501C92F1A30058906B /* Project object */ = {
			isa = PBXProject;
			attributes = {
				LastSwiftUpdateCheck = 0720;
				LastUpgradeCheck = 0720;
				ORGANIZATIONNAME = tp;
				TargetAttributes = {
					F25ADA571C92F1A30058906B = {
						CreatedOnToolsVersion = 7.2;
					};
				};
			};
			buildConfigurationList = F25ADA531C92F1A30058906B /* Build configuration list for PBXProject "projet_devmobile" */;
			compatibilityVersion = "Xcode 3.2";
			developmentRegion = English;
			hasScannedForEncodings = 0;
			knownRegions = (
				en,
				Base,
			);
			mainGroup = F25ADA4F1C92F1A30058906B;
			productRefGroup = F25ADA591C92F1A30058906B /* Products */;
			projectDirPath = "";
			projectRoot = "";
			targets = (
				F25ADA571C92F1A30058906B /* projet_devmobile */,
			);
		};
/* End PBXProject section */

/* Begin PBXResourcesBuildPhase section */
		F25ADA561C92F1A30058906B /* Resources */ = {
			isa = PBXResourcesBuildPhase;
			buildActionMask = 2147483647;
			files = (
				F25ADA691C92F1A30058906B /* LaunchScreen.storyboard in Resources */,
				F25ADA661C92F1A30058906B /* Assets.xcassets in Resources */,
				F25ADA611C92F1A30058906B /* Main.storyboard in Resources */,
			);
			runOnlyForDeploymentPostprocessing = 0;
		};
/* End PBXResourcesBuildPhase section */

/* Begin PBXSourcesBuildPhase section */
		F25ADA541C92F1A30058906B /* Sources */ = {
			isa = PBXSourcesBuildPhase;
			buildActionMask = 2147483647;
			files = (
				F2FEC4101C999CDC002C14E1 /* CreationCompte.swift in Sources */,
				F25ADA641C92F1A30058906B /* projet_devmobile.xcdatamodeld in Sources */,
				F25ADA5E1C92F1A30058906B /* ViewController.swift in Sources */,
				F25ADA5C1C92F1A30058906B /* AppDelegate.swift in Sources */,
			);
			runOnlyForDeploymentPostprocessing = 0;
		};
/* End PBXSourcesBuildPhase section */

/* Begin PBXVariantGroup section */
		F25ADA5F1C92F1A30058906B /* Main.storyboard */ = {
			isa = PBXVariantGroup;
			children = (
				F25ADA601C92F1A30058906B /* Base */,
			);
			name = Main.storyboard;
			sourceTree = "<group>";
		};
		F25ADA671C92F1A30058906B /* LaunchScreen.storyboard */ = {
			isa = PBXVariantGroup;
			children = (
				F25ADA681C92F1A30058906B /* Base */,
			);
			name = LaunchScreen.storyboard;
			sourceTree = "<group>";
		};
/* End PBXVariantGroup section */

/* Begin XCBuildConfiguration section */
		F25ADA6B1C92F1A30058906B /* Debug */ = {
			isa = XCBuildConfiguration;
			buildSettings = {
				ALWAYS_SEARCH_USER_PATHS = NO;
				CLANG_CXX_LANGUAGE_STANDARD = "gnu++0x";
				CLANG_CXX_LIBRARY = "libc++";
				CLANG_ENABLE_MODULES = YES;
				CLANG_ENABLE_OBJC_ARC = YES;
				CLANG_WARN_BOOL_CONVERSION = YES;
				CLANG_WARN_CONSTANT_CONVERSION = YES;
				CLANG_WARN_DIRECT_OBJC_ISA_USAGE = YES_ERROR;
				CLANG_WARN_EMPTY_BODY = YES;
				CLANG_WARN_ENUM_CONVERSION = YES;
				CLANG_WARN_INT_CONVERSION = YES;
				CLANG_WARN_OBJC_ROOT_CLASS = YES_ERROR;
				CLANG_WARN_UNREACHABLE_CODE = YES;
				CLANG_WARN__DUPLICATE_METHOD_MATCH = YES;
				"CODE_SIGN_IDENTITY[sdk=iphoneos*]" = "iPhone Developer";
				COPY_PHASE_STRIP = NO;
				DEBUG_INFORMATION_FORMAT = dwarf;
				ENABLE_STRICT_OBJC_MSGSEND = YES;
				ENABLE_TESTABILITY = YES;
				GCC_C_LANGUAGE_STANDARD = gnu99;
				GCC_DYNAMIC_NO_PIC = NO;
				GCC_NO_COMMON_BLOCKS = YES;
				GCC_OPTIMIZATION_LEVEL = 0;
				GCC_PREPROCESSOR_DEFINITIONS = (
					"DEBUG=1",
					"$(inherited)",
				);
				GCC_WARN_64_TO_32_BIT_CONVERSION = YES;
				GCC_WARN_ABOUT_RETURN_TYPE = YES_ERROR;
				GCC_WARN_UNDECLARED_SELECTOR = YES;
				GCC_WARN_UNINITIALIZED_AUTOS = YES_AGGRESSIVE;
				GCC_WARN_UNUSED_FUNCTION = YES;
				GCC_WARN_UNUSED_VARIABLE = YES;
				IPHONEOS_DEPLOYMENT_TARGET = 9.2;
				MTL_ENABLE_DEBUG_INFO = YES;
				ONLY_ACTIVE_ARCH = YES;
				SDKROOT = iphoneos;
				SWIFT_OPTIMIZATION_LEVEL = "-Onone";
			};
			name = Debug;
		};
		F25ADA6C1C92F1A30058906B /* Release */ = {
			isa = XCBuildConfiguration;
			buildSettings = {
				ALWAYS_SEARCH_USER_PATHS = NO;
				CLANG_CXX_LANGUAGE_STANDARD = "gnu++0x";
				CLANG_CXX_LIBRARY = "libc++";
				CLANG_ENABLE_MODULES = YES;
				CLANG_ENABLE_OBJC_ARC = YES;
				CLANG_WARN_BOOL_CONVERSION = YES;
				CLANG_WARN_CONSTANT_CONVERSION = YES;
				CLANG_WARN_DIRECT_OBJC_ISA_USAGE = YES_ERROR;
				CLANG_WARN_EMPTY_BODY = YES;
				CLANG_WARN_ENUM_CONVERSION = YES;
				CLANG_WARN_INT_CONVERSION = YES;
				CLANG_WARN_OBJC_ROOT_CLASS = YES_ERROR;
				CLANG_WARN_UNREACHABLE_CODE = YES;
				CLANG_WARN__DUPLICATE_METHOD_MATCH = YES;
				"CODE_SIGN_IDENTITY[sdk=iphoneos*]" = "iPhone Developer";
				COPY_PHASE_STRIP = NO;
				DEBUG_INFORMATION_FORMAT = "dwarf-with-dsym";
				ENABLE_NS_ASSERTIONS = NO;
				ENABLE_STRICT_OBJC_MSGSEND = YES;
				GCC_C_LANGUAGE_STANDARD = gnu99;
				GCC_NO_COMMON_BLOCKS = YES;
				GCC_WARN_64_TO_32_BIT_CONVERSION = YES;
				GCC_WARN_ABOUT_RETURN_TYPE = YES_ERROR;
				GCC_WARN_UNDECLARED_SELECTOR = YES;
				GCC_WARN_UNINITIALIZED_AUTOS = YES_AGGRESSIVE;
				GCC_WARN_UNUSED_FUNCTION = YES;
				GCC_WARN_UNUSED_VARIABLE = YES;
				IPHONEOS_DEPLOYMENT_TARGET = 9.2;
				MTL_ENABLE_DEBUG_INFO = NO;
				SDKROOT = iphoneos;
				VALIDATE_PRODUCT = YES;
			};
			name = Release;
		};
		F25ADA6E1C92F1A30058906B /* Debug */ = {
			isa = XCBuildConfiguration;
			buildSettings = {
				ASSETCATALOG_COMPILER_APPICON_NAME = AppIcon;
				INFOPLIST_FILE = projet_devmobile/Info.plist;
				LD_RUNPATH_SEARCH_PATHS = "$(inherited) @executable_path/Frameworks";
				PRODUCT_BUNDLE_IDENTIFIER = "com.tp.projet-devmobile";
				PRODUCT_NAME = "$(TARGET_NAME)";
			};
			name = Debug;
		};
		F25ADA6F1C92F1A30058906B /* Release */ = {
			isa = XCBuildConfiguration;
			buildSettings = {
				ASSETCATALOG_COMPILER_APPICON_NAME = AppIcon;
				INFOPLIST_FILE = projet_devmobile/Info.plist;
				LD_RUNPATH_SEARCH_PATHS = "$(inherited) @executable_path/Frameworks";
				PRODUCT_BUNDLE_IDENTIFIER = "com.tp.projet-devmobile";
				PRODUCT_NAME = "$(TARGET_NAME)";
			};
			name = Release;
		};
/* End XCBuildConfiguration section */

/* Begin XCConfigurationList section */
		F25ADA531C92F1A30058906B /* Build configuration list for PBXProject "projet_devmobile" */ = {
			isa = XCConfigurationList;
			buildConfigurations = (
				F25ADA6B1C92F1A30058906B /* Debug */,
				F25ADA6C1C92F1A30058906B /* Release */,
			);
			defaultConfigurationIsVisible = 0;
			defaultConfigurationName = Release;
		};
		F25ADA6D1C92F1A30058906B /* Build configuration list for PBXNativeTarget "projet_devmobile" */ = {
			isa = XCConfigurationList;
			buildConfigurations = (
				F25ADA6E1C92F1A30058906B /* Debug */,
				F25ADA6F1C92F1A30058906B /* Release */,
			);
			defaultConfigurationIsVisible = 0;
			defaultConfigurationName = Release;
		};
/* End XCConfigurationList section */

/* Begin XCVersionGroup section */
		F25ADA621C92F1A30058906B /* projet_devmobile.xcdatamodeld */ = {
			isa = XCVersionGroup;
			children = (
				F25ADA631C92F1A30058906B /* projet_devmobile.xcdatamodel */,
			);
			currentVersion = F25ADA631C92F1A30058906B /* projet_devmobile.xcdatamodel */;
			path = projet_devmobile.xcdatamodeld;
			sourceTree = "<group>";
			versionGroupType = wrapper.xcdatamodel;
		};
/* End XCVersionGroup section */
	};
	rootObject = F25ADA501C92F1A30058906B /* Project object */;
}
